
Microsoft Visual Studio Solution File, Format Version 12.00
# Visual Studio Version 17
VisualStudioVersion = 17.10.34928.147
MinimumVisualStudioVersion = 10.0.40219.1
Project("{FAE04EC0-301F-11D3-BF4B-00C04F79EFBC}") = "GoldDigger", "GoldDigger\GoldDigger.csproj", "{8B5A12D9-AF86-4435-97D3-A9E4B1656FBE}"
EndProject
Global
	GlobalSection(SolutionConfigurationPlatforms) = preSolution
		Debug|Any CPU = Debug|Any CPU
		Release|Any CPU = Release|Any CPU
	EndGlobalSection
	GlobalSection(ProjectConfigurationPlatforms) = postSolution
		{8B5A12D9-AF86-4435-97D3-A9E4B1656FBE}.Debug|Any CPU.ActiveCfg = Debug|Any CPU
		{8B5A12D9-AF86-4435-97D3-A9E4B1656FBE}.Debug|Any CPU.Build.0 = Debug|Any CPU
		{8B5A12D9-AF86-4435-97D3-A9E4B1656FBE}.Release|Any CPU.ActiveCfg = Release|Any CPU
		{8B5A12D9-AF86-4435-97D3-A9E4B1656FBE}.Release|Any CPU.Build.0 = Release|Any CPU
	EndGlobalSection
	GlobalSection(SolutionProperties) = preSolution
		HideSolutionNode = FALSE
	EndGlobalSection
	GlobalSection(ExtensibilityGlobals) = postSolution
		SolutionGuid = {34D0EBAB-83DB-4F0B-81A1-DF466A293360}
	EndGlobalSection
EndGlobal
